
Microsoft Visual Studio Solution File, Format Version 12.00
# Visual Studio Version 16
VisualStudioVersion = 16.0.30114.105
MinimumVisualStudioVersion = 10.0.40219.1
Project("{FAE04EC0-301F-11D3-BF4B-00C04F79EFBC}") = "PrimeService", "PrimeService\PrimeService.csproj", "{0BB629A2-947D-452D-9678-AE2FFCD935DB}"
EndProject
Project("{FAE04EC0-301F-11D3-BF4B-00C04F79EFBC}") = "PrimeService.Tests", "PrimeService.Tests\PrimeService.Tests.csproj", "{3ECD1333-1BD6-440E-B358-48CA34269D0B}"
EndProject
Global
	GlobalSection(SolutionConfigurationPlatforms) = preSolution
		Debug|Any CPU = Debug|Any CPU
		Debug|x64 = Debug|x64
		Debug|x86 = Debug|x86
		Release|Any CPU = Release|Any CPU
		Release|x64 = Release|x64
		Release|x86 = Release|x86
	EndGlobalSection
	GlobalSection(SolutionProperties) = preSolution
		HideSolutionNode = FALSE
	EndGlobalSection
	GlobalSection(ProjectConfigurationPlatforms) = postSolution
		{0BB629A2-947D-452D-9678-AE2FFCD935DB}.Debug|Any CPU.ActiveCfg = Debug|Any CPU
		{0BB629A2-947D-452D-9678-AE2FFCD935DB}.Debug|Any CPU.Build.0 = Debug|Any CPU
		{0BB629A2-947D-452D-9678-AE2FFCD935DB}.Debug|x64.ActiveCfg = Debug|Any CPU
		{0BB629A2-947D-452D-9678-AE2FFCD935DB}.Debug|x64.Build.0 = Debug|Any CPU
		{0BB629A2-947D-452D-9678-AE2FFCD935DB}.Debug|x86.ActiveCfg = Debug|Any CPU
		{0BB629A2-947D-452D-9678-AE2FFCD935DB}.Debug|x86.Build.0 = Debug|Any CPU
		{0BB629A2-947D-452D-9678-AE2FFCD935DB}.Release|Any CPU.ActiveCfg = Release|Any CPU
		{0BB629A2-947D-452D-9678-AE2FFCD935DB}.Release|Any CPU.Build.0 = Release|Any CPU
		{0BB629A2-947D-452D-9678-AE2FFCD935DB}.Release|x64.ActiveCfg = Release|Any CPU
		{0BB629A2-947D-452D-9678-AE2FFCD935DB}.Release|x64.Build.0 = Release|Any CPU
		{0BB629A2-947D-452D-9678-AE2FFCD935DB}.Release|x86.ActiveCfg = Release|Any CPU
		{0BB629A2-947D-452D-9678-AE2FFCD935DB}.Release|x86.Build.0 = Release|Any CPU
		{3ECD1333-1BD6-440E-B358-48CA34269D0B}.Debug|Any CPU.ActiveCfg = Debug|Any CPU
		{3ECD1333-1BD6-440E-B358-48CA34269D0B}.Debug|Any CPU.Build.0 = Debug|Any CPU
		{3ECD1333-1BD6-440E-B358-48CA34269D0B}.Debug|x64.ActiveCfg = Debug|Any CPU
		{3ECD1333-1BD6-440E-B358-48CA34269D0B}.Debug|x64.Build.0 = Debug|Any CPU
		{3ECD1333-1BD6-440E-B358-48CA34269D0B}.Debug|x86.ActiveCfg = Debug|Any CPU
		{3ECD1333-1BD6-440E-B358-48CA34269D0B}.Debug|x86.Build.0 = Debug|Any CPU
		{3ECD1333-1BD6-440E-B358-48CA34269D0B}.Release|Any CPU.ActiveCfg = Release|Any CPU
		{3ECD1333-1BD6-440E-B358-48CA34269D0B}.Release|Any CPU.Build.0 = Release|Any CPU
		{3ECD1333-1BD6-440E-B358-48CA34269D0B}.Release|x64.ActiveCfg = Release|Any CPU
		{3ECD1333-1BD6-440E-B358-48CA34269D0B}.Release|x64.Build.0 = Release|Any CPU
		{3ECD1333-1BD6-440E-B358-48CA34269D0B}.Release|x86.ActiveCfg = Release|Any CPU
		{3ECD1333-1BD6-440E-B358-48CA34269D0B}.Release|x86.Build.0 = Release|Any CPU
	EndGlobalSection
EndGlobal
